{
  "name": "energyflexfront",
  "version": "1.0.0",
  "lockfileVersion": 1,
  "requires": true,
  "dependencies": {
    "jquery": {
      "version": "3.2.0",
      "resolved": "https://registry.npmjs.org/jquery/-/jquery-3.2.0.tgz",
      "integrity": "sha1-O9u6ZuHu4HhVMt3a2w4NJSHKWEs="
    },
    "jquery-simple-websocket": {
      "version": "1.1.3",
      "resolved": "https://registry.npmjs.org/jquery-simple-websocket/-/jquery-simple-websocket-1.1.3.tgz",
      "integrity": "sha1-6mT8OzvnDHBR+a3S+t86GQh0NAg=",
      "requires": {
        "jquery": "3.2.0"
      }
    },
    "uuid": {
      "version": "3.1.0",
      "resolved": "https://registry.npmjs.org/uuid/-/uuid-3.1.0.tgz",
      "integrity": "sha512-DIWtzUkw04M4k3bf1IcpS2tngXEL26YUD2M0tMDUpnUrz2hgzUBlD55a4FjdLGPvfHxS6uluGWvaVEqgBcVa+g=="
    }
  }
}
